# This file is automatically @generated by Cargo.
# It is not intended for manual editing.
version = 4

[[package]]
name = "screengine"
version = "0.0.0"

[[package]]
name = "screengine-conformance"
version = "0.0.0"
dependencies = [
 "screengine",
]

[[package]]
name = "screengine-ffi"
version = "0.0.0"
dependencies = [
 "screengine",
]

[[package]]
name = "screengine-host"
version = "0.0.0"
